
Microsoft Visual Studio Solution File, Format Version 12.00
# Visual Studio Version 17
VisualStudioVersion = 17.13.35931.197
MinimumVisualStudioVersion = 10.0.40219.1
Project("{8BC9CEB8-8B4A-11D0-8D11-00A0C91BC942}") = "SocketLibraryCPP", "src\SocketLibraryCPP\SocketLibraryCPP.vcxproj", "{6B2E0D1C-848D-45DA-987A-CDD6EF3006BA}"
EndProject
Project("{8BC9CEB8-8B4A-11D0-8D11-00A0C91BC942}") = "UDPServerConsole", "src\examples\UDPServerConsole\UDPServerConsole.vcxproj", "{EB963F1C-87FA-4FD4-B709-8742D59ACA85}"
EndProject
Project("{8BC9CEB8-8B4A-11D0-8D11-00A0C91BC942}") = "UDPClientConsole", "src\examples\UDPClientConsole\UDPClientConsole.vcxproj", "{F7EFB87F-0673-4831-9C5A-D4BF742481FF}"
EndProject
Project("{8BC9CEB8-8B4A-11D0-8D11-00A0C91BC942}") = "TCPServerConsole", "src\examples\TCPServerConsole\TCPServerConsole.vcxproj", "{BFBBD59A-F3E9-4BE7-A1C4-656DE2668DE2}"
EndProject
Project("{8BC9CEB8-8B4A-11D0-8D11-00A0C91BC942}") = "TCPClientConsole", "src\examples\TCPClientConsole\TCPClientConsole.vcxproj", "{85488756-85FC-451B-B4E4-5074C158C30F}"
EndProject
Project("{8BC9CEB8-8B4A-11D0-8D11-00A0C91BC942}") = "SocketManagerConsole", "src\examples\SocketManagerConsole\SocketManagerConsole.vcxproj", "{6D9FA923-2755-4281-94A1-21EFD0AAE93B}"
	ProjectSection(ProjectDependencies) = postProject
		{85488756-85FC-451B-B4E4-5074C158C30F} = {85488756-85FC-451B-B4E4-5074C158C30F}
		{BFBBD59A-F3E9-4BE7-A1C4-656DE2668DE2} = {BFBBD59A-F3E9-4BE7-A1C4-656DE2668DE2}
		{EB963F1C-87FA-4FD4-B709-8742D59ACA85} = {EB963F1C-87FA-4FD4-B709-8742D59ACA85}
		{F7EFB87F-0673-4831-9C5A-D4BF742481FF} = {F7EFB87F-0673-4831-9C5A-D4BF742481FF}
	EndProjectSection
EndProject
Global
	GlobalSection(SolutionConfigurationPlatforms) = preSolution
		Debug|x64 = Debug|x64
		Debug|x86 = Debug|x86
		Release|x64 = Release|x64
		Release|x86 = Release|x86
	EndGlobalSection
	GlobalSection(ProjectConfigurationPlatforms) = postSolution
		{6B2E0D1C-848D-45DA-987A-CDD6EF3006BA}.Debug|x64.ActiveCfg = Debug|x64
		{6B2E0D1C-848D-45DA-987A-CDD6EF3006BA}.Debug|x64.Build.0 = Debug|x64
		{6B2E0D1C-848D-45DA-987A-CDD6EF3006BA}.Debug|x86.ActiveCfg = Debug|Win32
		{6B2E0D1C-848D-45DA-987A-CDD6EF3006BA}.Debug|x86.Build.0 = Debug|Win32
		{6B2E0D1C-848D-45DA-987A-CDD6EF3006BA}.Release|x64.ActiveCfg = Release|x64
		{6B2E0D1C-848D-45DA-987A-CDD6EF3006BA}.Release|x64.Build.0 = Release|x64
		{6B2E0D1C-848D-45DA-987A-CDD6EF3006BA}.Release|x86.ActiveCfg = Release|Win32
		{6B2E0D1C-848D-45DA-987A-CDD6EF3006BA}.Release|x86.Build.0 = Release|Win32
		{EB963F1C-87FA-4FD4-B709-8742D59ACA85}.Debug|x64.ActiveCfg = Debug|x64
		{EB963F1C-87FA-4FD4-B709-8742D59ACA85}.Debug|x64.Build.0 = Debug|x64
		{EB963F1C-87FA-4FD4-B709-8742D59ACA85}.Debug|x86.ActiveCfg = Debug|Win32
		{EB963F1C-87FA-4FD4-B709-8742D59ACA85}.Debug|x86.Build.0 = Debug|Win32
		{EB963F1C-87FA-4FD4-B709-8742D59ACA85}.Release|x64.ActiveCfg = Release|x64
		{EB963F1C-87FA-4FD4-B709-8742D59ACA85}.Release|x64.Build.0 = Release|x64
		{EB963F1C-87FA-4FD4-B709-8742D59ACA85}.Release|x86.ActiveCfg = Release|Win32
		{EB963F1C-87FA-4FD4-B709-8742D59ACA85}.Release|x86.Build.0 = Release|Win32
		{F7EFB87F-0673-4831-9C5A-D4BF742481FF}.Debug|x64.ActiveCfg = Debug|x64
		{F7EFB87F-0673-4831-9C5A-D4BF742481FF}.Debug|x64.Build.0 = Debug|x64
		{F7EFB87F-0673-4831-9C5A-D4BF742481FF}.Debug|x86.ActiveCfg = Debug|Win32
		{F7EFB87F-0673-4831-9C5A-D4BF742481FF}.Debug|x86.Build.0 = Debug|Win32
		{F7EFB87F-0673-4831-9C5A-D4BF742481FF}.Release|x64.ActiveCfg = Release|x64
		{F7EFB87F-0673-4831-9C5A-D4BF742481FF}.Release|x64.Build.0 = Release|x64
		{F7EFB87F-0673-4831-9C5A-D4BF742481FF}.Release|x86.ActiveCfg = Release|Win32
		{F7EFB87F-0673-4831-9C5A-D4BF742481FF}.Release|x86.Build.0 = Release|Win32
		{BFBBD59A-F3E9-4BE7-A1C4-656DE2668DE2}.Debug|x64.ActiveCfg = Debug|x64
		{BFBBD59A-F3E9-4BE7-A1C4-656DE2668DE2}.Debug|x64.Build.0 = Debug|x64
		{BFBBD59A-F3E9-4BE7-A1C4-656DE2668DE2}.Debug|x86.ActiveCfg = Debug|Win32
		{BFBBD59A-F3E9-4BE7-A1C4-656DE2668DE2}.Debug|x86.Build.0 = Debug|Win32
		{BFBBD59A-F3E9-4BE7-A1C4-656DE2668DE2}.Release|x64.ActiveCfg = Release|x64
		{BFBBD59A-F3E9-4BE7-A1C4-656DE2668DE2}.Release|x64.Build.0 = Release|x64
		{BFBBD59A-F3E9-4BE7-A1C4-656DE2668DE2}.Release|x86.ActiveCfg = Release|Win32
		{BFBBD59A-F3E9-4BE7-A1C4-656DE2668DE2}.Release|x86.Build.0 = Release|Win32
		{85488756-85FC-451B-B4E4-5074C158C30F}.Debug|x64.ActiveCfg = Debug|x64
		{85488756-85FC-451B-B4E4-5074C158C30F}.Debug|x64.Build.0 = Debug|x64
		{85488756-85FC-451B-B4E4-5074C158C30F}.Debug|x86.ActiveCfg = Debug|Win32
		{85488756-85FC-451B-B4E4-5074C158C30F}.Debug|x86.Build.0 = Debug|Win32
		{85488756-85FC-451B-B4E4-5074C158C30F}.Release|x64.ActiveCfg = Release|x64
		{85488756-85FC-451B-B4E4-5074C158C30F}.Release|x64.Build.0 = Release|x64
		{85488756-85FC-451B-B4E4-5074C158C30F}.Release|x86.ActiveCfg = Release|Win32
		{85488756-85FC-451B-B4E4-5074C158C30F}.Release|x86.Build.0 = Release|Win32
		{6D9FA923-2755-4281-94A1-21EFD0AAE93B}.Debug|x64.ActiveCfg = Debug|x64
		{6D9FA923-2755-4281-94A1-21EFD0AAE93B}.Debug|x64.Build.0 = Debug|x64
		{6D9FA923-2755-4281-94A1-21EFD0AAE93B}.Debug|x86.ActiveCfg = Debug|Win32
		{6D9FA923-2755-4281-94A1-21EFD0AAE93B}.Debug|x86.Build.0 = Debug|Win32
		{6D9FA923-2755-4281-94A1-21EFD0AAE93B}.Release|x64.ActiveCfg = Release|x64
		{6D9FA923-2755-4281-94A1-21EFD0AAE93B}.Release|x64.Build.0 = Release|x64
		{6D9FA923-2755-4281-94A1-21EFD0AAE93B}.Release|x86.ActiveCfg = Release|Win32
		{6D9FA923-2755-4281-94A1-21EFD0AAE93B}.Release|x86.Build.0 = Release|Win32
	EndGlobalSection
	GlobalSection(SolutionProperties) = preSolution
		HideSolutionNode = FALSE
	EndGlobalSection
	GlobalSection(ExtensibilityGlobals) = postSolution
		SolutionGuid = {95ECF8F2-A4D6-4662-891D-81C92BA92EC3}
	EndGlobalSection
EndGlobal
